
Microsoft Visual Studio Solution File, Format Version 12.00
# Visual Studio Version 17
VisualStudioVersion = 17.8.34408.163
MinimumVisualStudioVersion = 10.0.40219.1
Project("{FAE04EC0-301F-11D3-BF4B-00C04F79EFBC}") = "Web", "Web\Web.csproj", "{F6335CD2-BD15-4FBE-85C1-A4A69CC21910}"
EndProject
Project("{FAE04EC0-301F-11D3-BF4B-00C04F79EFBC}") = "Infrastructure", "Infrastructure\Infrastructure.csproj", "{60662B05-34CF-4B27-9F8C-8160A4BC37D7}"
EndProject
Project("{FAE04EC0-301F-11D3-BF4B-00C04F79EFBC}") = "Domain", "Domain\Domain.csproj", "{D236D021-9E4D-451B-B453-F12D08BFFF23}"
EndProject
Global
	GlobalSection(SolutionConfigurationPlatforms) = preSolution
		Debug|Any CPU = Debug|Any CPU
		Release|Any CPU = Release|Any CPU
	EndGlobalSection
	GlobalSection(ProjectConfigurationPlatforms) = postSolution
		{F6335CD2-BD15-4FBE-85C1-A4A69CC21910}.Debug|Any CPU.ActiveCfg = Debug|Any CPU
		{F6335CD2-BD15-4FBE-85C1-A4A69CC21910}.Debug|Any CPU.Build.0 = Debug|Any CPU
		{F6335CD2-BD15-4FBE-85C1-A4A69CC21910}.Release|Any CPU.ActiveCfg = Release|Any CPU
		{F6335CD2-BD15-4FBE-85C1-A4A69CC21910}.Release|Any CPU.Build.0 = Release|Any CPU
		{60662B05-34CF-4B27-9F8C-8160A4BC37D7}.Debug|Any CPU.ActiveCfg = Debug|Any CPU
		{60662B05-34CF-4B27-9F8C-8160A4BC37D7}.Debug|Any CPU.Build.0 = Debug|Any CPU
		{60662B05-34CF-4B27-9F8C-8160A4BC37D7}.Release|Any CPU.ActiveCfg = Release|Any CPU
		{60662B05-34CF-4B27-9F8C-8160A4BC37D7}.Release|Any CPU.Build.0 = Release|Any CPU
		{D236D021-9E4D-451B-B453-F12D08BFFF23}.Debug|Any CPU.ActiveCfg = Debug|Any CPU
		{D236D021-9E4D-451B-B453-F12D08BFFF23}.Debug|Any CPU.Build.0 = Debug|Any CPU
		{D236D021-9E4D-451B-B453-F12D08BFFF23}.Release|Any CPU.ActiveCfg = Release|Any CPU
		{D236D021-9E4D-451B-B453-F12D08BFFF23}.Release|Any CPU.Build.0 = Release|Any CPU
	EndGlobalSection
	GlobalSection(SolutionProperties) = preSolution
		HideSolutionNode = FALSE
	EndGlobalSection
	GlobalSection(ExtensibilityGlobals) = postSolution
		SolutionGuid = {9AA320DA-814D-4A2A-A170-032D67D3E646}
	EndGlobalSection
EndGlobal
